// !$*UTF8*$!
{
	archiveVersion = 1;
	classes = {
	};
	objectVersion = 55;
	objects = {

/* Begin PBXBuildFile section */
		9E23B67927FFB9D0007EF586 /* AppDelegate.swift in Sources */ = {isa = PBXBuildFile; fileRef = 9E23B67827FFB9D0007EF586 /* AppDelegate.swift */; };
		9E23B67D27FFB9D0007EF586 /* LoginViewController.swift in Sources */ = {isa = PBXBuildFile; fileRef = 9E23B67C27FFB9D0007EF586 /* LoginViewController.swift */; };
		9E23B68227FFB9D1007EF586 /* Assets.xcassets in Resources */ = {isa = PBXBuildFile; fileRef = 9E23B68127FFB9D1007EF586 /* Assets.xcassets */; };
		9E23B68527FFB9D1007EF586 /* LaunchScreen.storyboard in Resources */ = {isa = PBXBuildFile; fileRef = 9E23B68327FFB9D1007EF586 /* LaunchScreen.storyboard */; };
		9E23B68F28003807007EF586 /* LoginView.swift in Sources */ = {isa = PBXBuildFile; fileRef = 9E23B68E28003807007EF586 /* LoginView.swift */; };
		9E31B6892801EEF200ADBA23 /* OnboardingContainerViewController.swift in Sources */ = {isa = PBXBuildFile; fileRef = 9E31B6882801EEF200ADBA23 /* OnboardingContainerViewController.swift */; };
		9E31B68B2801F59D00ADBA23 /* OnboardingViewController.swift in Sources */ = {isa = PBXBuildFile; fileRef = 9E31B68A2801F59D00ADBA23 /* OnboardingViewController.swift */; };
		9E31B68D28025D3900ADBA23 /* DummyVC.swift in Sources */ = {isa = PBXBuildFile; fileRef = 9E31B68C28025D3900ADBA23 /* DummyVC.swift */; };
		9E31B6902803A82700ADBA23 /* LocalState.swift in Sources */ = {isa = PBXBuildFile; fileRef = 9E31B68F2803A82700ADBA23 /* LocalState.swift */; };
		9E31B69228042D0300ADBA23 /* UIViewController+Utils.swift in Sources */ = {isa = PBXBuildFile; fileRef = 9E31B69128042D0300ADBA23 /* UIViewController+Utils.swift */; };
		9E31B69428042E2300ADBA23 /* MainViewController.swift in Sources */ = {isa = PBXBuildFile; fileRef = 9E31B69328042E2300ADBA23 /* MainViewController.swift */; };
		9E31B6E12804F97700ADBA23 /* AccountSummaryViewController.swift in Sources */ = {isa = PBXBuildFile; fileRef = 9E31B6E02804F97700ADBA23 /* AccountSummaryViewController.swift */; };
		9E31B6E328057E7B00ADBA23 /* AccountSummaryHeaderView.swift in Sources */ = {isa = PBXBuildFile; fileRef = 9E31B6E228057E7B00ADBA23 /* AccountSummaryHeaderView.swift */; };
		9E31B6E528057EA900ADBA23 /* AccountSummaryHeaderView.xib in Resources */ = {isa = PBXBuildFile; fileRef = 9E31B6E428057EA900ADBA23 /* AccountSummaryHeaderView.xib */; };
		9E31B6E928058D5800ADBA23 /* AccountSummaryCell.swift in Sources */ = {isa = PBXBuildFile; fileRef = 9E31B6E828058D5800ADBA23 /* AccountSummaryCell.swift */; };
		9E31B72D280619C100ADBA23 /* Decimal+Util.swift in Sources */ = {isa = PBXBuildFile; fileRef = 9E31B72C280619C100ADBA23 /* Decimal+Util.swift */; };
		9E31B72F28061A0C00ADBA23 /* CurrencyFormatter.swift in Sources */ = {isa = PBXBuildFile; fileRef = 9E31B72E28061A0C00ADBA23 /* CurrencyFormatter.swift */; };
		9E43F2A728064ECC008CD00C /* CurrencyFormatterTests.swift in Sources */ = {isa = PBXBuildFile; fileRef = 9E43F2A628064ECC008CD00C /* CurrencyFormatterTests.swift */; };
		9E48312D2806D61600FA6A39 /* NSNotificationName.swift in Sources */ = {isa = PBXBuildFile; fileRef = 9E48312C2806D61600FA6A39 /* NSNotificationName.swift */; };
		9E48312F2806D7C300FA6A39 /* UITextField+SecureToggle.swift in Sources */ = {isa = PBXBuildFile; fileRef = 9E48312E2806D7C300FA6A39 /* UITextField+SecureToggle.swift */; };
		9E483132280790A800FA6A39 /* ShakeyBellView.swift in Sources */ = {isa = PBXBuildFile; fileRef = 9E483131280790A800FA6A39 /* ShakeyBellView.swift */; };
		9E4831342808308D00FA6A39 /* Date+Utils.swift in Sources */ = {isa = PBXBuildFile; fileRef = 9E4831332808308D00FA6A39 /* Date+Utils.swift */; };
		9E4831362808325700FA6A39 /* AccountSummaryViewController+Networking.swift in Sources */ = {isa = PBXBuildFile; fileRef = 9E4831352808325700FA6A39 /* AccountSummaryViewController+Networking.swift */; };
/* End PBXBuildFile section */

/* Begin PBXContainerItemProxy section */
		9E31B73828064B5300ADBA23 /* PBXContainerItemProxy */ = {
			isa = PBXContainerItemProxy;
			containerPortal = 9E23B66D27FFB9D0007EF586 /* Project object */;
			proxyType = 1;
			remoteGlobalIDString = 9E23B67427FFB9D0007EF586;
			remoteInfo = Bankey;
		};
/* End PBXContainerItemProxy section */

/* Begin PBXFileReference section */
		9E23B67527FFB9D0007EF586 /* Bankey.app */ = {isa = PBXFileReference; explicitFileType = wrapper.application; includeInIndex = 0; path = Bankey.app; sourceTree = BUILT_PRODUCTS_DIR; };
		9E23B67827FFB9D0007EF586 /* AppDelegate.swift */ = {isa = PBXFileReference; lastKnownFileType = sourcecode.swift; path = AppDelegate.swift; sourceTree = "<group>"; };
		9E23B67C27FFB9D0007EF586 /* LoginViewController.swift */ = {isa = PBXFileReference; lastKnownFileType = sourcecode.swift; path = LoginViewController.swift; sourceTree = "<group>"; };
		9E23B68127FFB9D1007EF586 /* Assets.xcassets */ = {isa = PBXFileReference; lastKnownFileType = folder.assetcatalog; path = Assets.xcassets; sourceTree = "<group>"; };
		9E23B68427FFB9D1007EF586 /* Base */ = {isa = PBXFileReference; lastKnownFileType = file.storyboard; name = Base; path = Base.lproj/LaunchScreen.storyboard; sourceTree = "<group>"; };
		9E23B68627FFB9D1007EF586 /* Info.plist */ = {isa = PBXFileReference; lastKnownFileType = text.plist.xml; path = Info.plist; sourceTree = "<group>"; };
		9E23B68E28003807007EF586 /* LoginView.swift */ = {isa = PBXFileReference; lastKnownFileType = sourcecode.swift; path = LoginView.swift; sourceTree = "<group>"; };
		9E31B6882801EEF200ADBA23 /* OnboardingContainerViewController.swift */ = {isa = PBXFileReference; lastKnownFileType = sourcecode.swift; path = OnboardingContainerViewController.swift; sourceTree = "<group>"; };
		9E31B68A2801F59D00ADBA23 /* OnboardingViewController.swift */ = {isa = PBXFileReference; lastKnownFileType = sourcecode.swift; path = OnboardingViewController.swift; sourceTree = "<group>"; };
		9E31B68C28025D3900ADBA23 /* DummyVC.swift */ = {isa = PBXFileReference; lastKnownFileType = sourcecode.swift; path = DummyVC.swift; sourceTree = "<group>"; };
		9E31B68F2803A82700ADBA23 /* LocalState.swift */ = {isa = PBXFileReference; lastKnownFileType = sourcecode.swift; path = LocalState.swift; sourceTree = "<group>"; };
		9E31B69128042D0300ADBA23 /* UIViewController+Utils.swift */ = {isa = PBXFileReference; lastKnownFileType = sourcecode.swift; path = "UIViewController+Utils.swift"; sourceTree = "<group>"; };
		9E31B69328042E2300ADBA23 /* MainViewController.swift */ = {isa = PBXFileReference; lastKnownFileType = sourcecode.swift; path = MainViewController.swift; sourceTree = "<group>"; };
		9E31B6E02804F97700ADBA23 /* AccountSummaryViewController.swift */ = {isa = PBXFileReference; lastKnownFileType = sourcecode.swift; path = AccountSummaryViewController.swift; sourceTree = "<group>"; };
		9E31B6E228057E7B00ADBA23 /* AccountSummaryHeaderView.swift */ = {isa = PBXFileReference; lastKnownFileType = sourcecode.swift; path = AccountSummaryHeaderView.swift; sourceTree = "<group>"; };
		9E31B6E428057EA900ADBA23 /* AccountSummaryHeaderView.xib */ = {isa = PBXFileReference; lastKnownFileType = file.xib; path = AccountSummaryHeaderView.xib; sourceTree = "<group>"; };
		9E31B6E828058D5800ADBA23 /* AccountSummaryCell.swift */ = {isa = PBXFileReference; lastKnownFileType = sourcecode.swift; path = AccountSummaryCell.swift; sourceTree = "<group>"; };
		9E31B72C280619C100ADBA23 /* Decimal+Util.swift */ = {isa = PBXFileReference; lastKnownFileType = sourcecode.swift; path = "Decimal+Util.swift"; sourceTree = "<group>"; };
		9E31B72E28061A0C00ADBA23 /* CurrencyFormatter.swift */ = {isa = PBXFileReference; lastKnownFileType = sourcecode.swift; path = CurrencyFormatter.swift; sourceTree = "<group>"; };
		9E31B73428064B5300ADBA23 /* BankeyUnitTests.xctest */ = {isa = PBXFileReference; explicitFileType = wrapper.cfbundle; includeInIndex = 0; path = BankeyUnitTests.xctest; sourceTree = BUILT_PRODUCTS_DIR; };
		9E43F2A628064ECC008CD00C /* CurrencyFormatterTests.swift */ = {isa = PBXFileReference; lastKnownFileType = sourcecode.swift; path = CurrencyFormatterTests.swift; sourceTree = "<group>"; };
		9E48312C2806D61600FA6A39 /* NSNotificationName.swift */ = {isa = PBXFileReference; lastKnownFileType = sourcecode.swift; path = NSNotificationName.swift; sourceTree = "<group>"; };
		9E48312E2806D7C300FA6A39 /* UITextField+SecureToggle.swift */ = {isa = PBXFileReference; lastKnownFileType = sourcecode.swift; path = "UITextField+SecureToggle.swift"; sourceTree = "<group>"; };
		9E483131280790A800FA6A39 /* ShakeyBellView.swift */ = {isa = PBXFileReference; lastKnownFileType = sourcecode.swift; path = ShakeyBellView.swift; sourceTree = "<group>"; };
		9E4831332808308D00FA6A39 /* Date+Utils.swift */ = {isa = PBXFileReference; lastKnownFileType = sourcecode.swift; path = "Date+Utils.swift"; sourceTree = "<group>"; };
		9E4831352808325700FA6A39 /* AccountSummaryViewController+Networking.swift */ = {isa = PBXFileReference; lastKnownFileType = sourcecode.swift; path = "AccountSummaryViewController+Networking.swift"; sourceTree = "<group>"; };
/* End PBXFileReference section */

/* Begin PBXFrameworksBuildPhase section */
		9E23B67227FFB9D0007EF586 /* Frameworks */ = {
			isa = PBXFrameworksBuildPhase;
			buildActionMask = 2147483647;
			files = (
			);
			runOnlyForDeploymentPostprocessing = 0;
		};
		9E31B73128064B5300ADBA23 /* Frameworks */ = {
			isa = PBXFrameworksBuildPhase;
			buildActionMask = 2147483647;
			files = (
			);
			runOnlyForDeploymentPostprocessing = 0;
		};
/* End PBXFrameworksBuildPhase section */

/* Begin PBXGroup section */
		9E23B66C27FFB9D0007EF586 = {
			isa = PBXGroup;
			children = (
				9E23B67727FFB9D0007EF586 /* Bankey */,
				9E31B73528064B5300ADBA23 /* BankeyUnitTests */,
				9E23B67627FFB9D0007EF586 /* Products */,
			);
			sourceTree = "<group>";
		};
		9E23B67627FFB9D0007EF586 /* Products */ = {
			isa = PBXGroup;
			children = (
				9E23B67527FFB9D0007EF586 /* Bankey.app */,
				9E31B73428064B5300ADBA23 /* BankeyUnitTests.xctest */,
			);
			name = Products;
			sourceTree = "<group>";
		};
		9E23B67727FFB9D0007EF586 /* Bankey */ = {
			isa = PBXGroup;
			children = (
				9E23B67827FFB9D0007EF586 /* AppDelegate.swift */,
				9E31B69328042E2300ADBA23 /* MainViewController.swift */,
				9E23B68D280037E2007EF586 /* Login */,
				9E31B6872801EEC300ADBA23 /* Onboarding */,
				9E31B6DF2804F94E00ADBA23 /* AccountSummary */,
				9E31B68E2803A81300ADBA23 /* Utils */,
				9E4831302807908D00FA6A39 /* Components */,
				9E23B68C2800379F007EF586 /* Files */,
			);
			path = Bankey;
			sourceTree = "<group>";
		};
		9E23B68C2800379F007EF586 /* Files */ = {
			isa = PBXGroup;
			children = (
				9E23B68127FFB9D1007EF586 /* Assets.xcassets */,
				9E23B68327FFB9D1007EF586 /* LaunchScreen.storyboard */,
				9E23B68627FFB9D1007EF586 /* Info.plist */,
			);
			name = Files;
			sourceTree = "<group>";
		};
		9E23B68D280037E2007EF586 /* Login */ = {
			isa = PBXGroup;
			children = (
				9E23B67C27FFB9D0007EF586 /* LoginViewController.swift */,
				9E23B68E28003807007EF586 /* LoginView.swift */,
				9E31B68C28025D3900ADBA23 /* DummyVC.swift */,
			);
			path = Login;
			sourceTree = "<group>";
		};
		9E31B6872801EEC300ADBA23 /* Onboarding */ = {
			isa = PBXGroup;
			children = (
				9E31B6882801EEF200ADBA23 /* OnboardingContainerViewController.swift */,
				9E31B68A2801F59D00ADBA23 /* OnboardingViewController.swift */,
			);
			path = Onboarding;
			sourceTree = "<group>";
		};
		9E31B68E2803A81300ADBA23 /* Utils */ = {
			isa = PBXGroup;
			children = (
				9E31B68F2803A82700ADBA23 /* LocalState.swift */,
				9E31B72C280619C100ADBA23 /* Decimal+Util.swift */,
				9E31B69128042D0300ADBA23 /* UIViewController+Utils.swift */,
				9E31B72E28061A0C00ADBA23 /* CurrencyFormatter.swift */,
				9E48312C2806D61600FA6A39 /* NSNotificationName.swift */,
				9E48312E2806D7C300FA6A39 /* UITextField+SecureToggle.swift */,
				9E4831332808308D00FA6A39 /* Date+Utils.swift */,
			);
			path = Utils;
			sourceTree = "<group>";
		};
		9E31B6DF2804F94E00ADBA23 /* AccountSummary */ = {
			isa = PBXGroup;
			children = (
				9E31B6E02804F97700ADBA23 /* AccountSummaryViewController.swift */,
				9E4831352808325700FA6A39 /* AccountSummaryViewController+Networking.swift */,
				9E31B6E628058D0E00ADBA23 /* Header */,
				9E31B6E728058D4700ADBA23 /* Cells */,
			);
			path = AccountSummary;
			sourceTree = "<group>";
		};
		9E31B6E628058D0E00ADBA23 /* Header */ = {
			isa = PBXGroup;
			children = (
				9E31B6E228057E7B00ADBA23 /* AccountSummaryHeaderView.swift */,
				9E31B6E428057EA900ADBA23 /* AccountSummaryHeaderView.xib */,
			);
			path = Header;
			sourceTree = "<group>";
		};
		9E31B6E728058D4700ADBA23 /* Cells */ = {
			isa = PBXGroup;
			children = (
				9E31B6E828058D5800ADBA23 /* AccountSummaryCell.swift */,
			);
			path = Cells;
			sourceTree = "<group>";
		};
		9E31B73528064B5300ADBA23 /* BankeyUnitTests */ = {
			isa = PBXGroup;
			children = (
				9E43F2A628064ECC008CD00C /* CurrencyFormatterTests.swift */,
			);
			path = BankeyUnitTests;
			sourceTree = "<group>";
		};
		9E4831302807908D00FA6A39 /* Components */ = {
			isa = PBXGroup;
			children = (
				9E483131280790A800FA6A39 /* ShakeyBellView.swift */,
			);
			path = Components;
			sourceTree = "<group>";
		};
/* End PBXGroup section */

/* Begin PBXNativeTarget section */
		9E23B67427FFB9D0007EF586 /* Bankey */ = {
			isa = PBXNativeTarget;
			buildConfigurationList = 9E23B68927FFB9D1007EF586 /* Build configuration list for PBXNativeTarget "Bankey" */;
			buildPhases = (
				9E23B67127FFB9D0007EF586 /* Sources */,
				9E23B67227FFB9D0007EF586 /* Frameworks */,
				9E23B67327FFB9D0007EF586 /* Resources */,
			);
			buildRules = (
			);
			dependencies = (
			);
			name = Bankey;
			productName = Bankey;
			productReference = 9E23B67527FFB9D0007EF586 /* Bankey.app */;
			productType = "com.apple.product-type.application";
		};
		9E31B73328064B5300ADBA23 /* BankeyUnitTests */ = {
			isa = PBXNativeTarget;
			buildConfigurationList = 9E31B73A28064B5300ADBA23 /* Build configuration list for PBXNativeTarget "BankeyUnitTests" */;
			buildPhases = (
				9E31B73028064B5300ADBA23 /* Sources */,
				9E31B73128064B5300ADBA23 /* Frameworks */,
				9E31B73228064B5300ADBA23 /* Resources */,
			);
			buildRules = (
			);
			dependencies = (
				9E31B73928064B5300ADBA23 /* PBXTargetDependency */,
			);
			name = BankeyUnitTests;
			productName = BankeyUnitTests;
			productReference = 9E31B73428064B5300ADBA23 /* BankeyUnitTests.xctest */;
			productType = "com.apple.product-type.bundle.unit-test";
		};
/* End PBXNativeTarget section */

/* Begin PBXProject section */
		9E23B66D27FFB9D0007EF586 /* Project object */ = {
			isa = PBXProject;
			attributes = {
				BuildIndependentTargetsInParallel = 1;
				LastSwiftUpdateCheck = 1330;
				LastUpgradeCheck = 1330;
				TargetAttributes = {
					9E23B67427FFB9D0007EF586 = {
						CreatedOnToolsVersion = 13.3;
					};
					9E31B73328064B5300ADBA23 = {
						CreatedOnToolsVersion = 13.3;
						LastSwiftMigration = 1330;
						TestTargetID = 9E23B67427FFB9D0007EF586;
					};
				};
			};
			buildConfigurationList = 9E23B67027FFB9D0007EF586 /* Build configuration list for PBXProject "Bankey" */;
			compatibilityVersion = "Xcode 13.0";
			developmentRegion = en;
			hasScannedForEncodings = 0;
			knownRegions = (
				en,
				Base,
			);
			mainGroup = 9E23B66C27FFB9D0007EF586;
			productRefGroup = 9E23B67627FFB9D0007EF586 /* Products */;
			projectDirPath = "";
			projectRoot = "";
			targets = (
				9E23B67427FFB9D0007EF586 /* Bankey */,
				9E31B73328064B5300ADBA23 /* BankeyUnitTests */,
			);
		};
/* End PBXProject section */

/* Begin PBXResourcesBuildPhase section */
		9E23B67327FFB9D0007EF586 /* Resources */ = {
			isa = PBXResourcesBuildPhase;
			buildActionMask = 2147483647;
			files = (
				9E31B6E528057EA900ADBA23 /* AccountSummaryHeaderView.xib in Resources */,
				9E23B68527FFB9D1007EF586 /* LaunchScreen.storyboard in Resources */,
				9E23B68227FFB9D1007EF586 /* Assets.xcassets in Resources */,
			);
			runOnlyForDeploymentPostprocessing = 0;
		};
		9E31B73228064B5300ADBA23 /* Resources */ = {
			isa = PBXResourcesBuildPhase;
			buildActionMask = 2147483647;
			files = (
			);
			runOnlyForDeploymentPostprocessing = 0;
		};
/* End PBXResourcesBuildPhase section */

/* Begin PBXSourcesBuildPhase section */
		9E23B67127FFB9D0007EF586 /* Sources */ = {
			isa = PBXSourcesBuildPhase;
			buildActionMask = 2147483647;
			files = (
				9E31B69228042D0300ADBA23 /* UIViewController+Utils.swift in Sources */,
				9E4831342808308D00FA6A39 /* Date+Utils.swift in Sources */,
				9E23B68F28003807007EF586 /* LoginView.swift in Sources */,
				9E31B6902803A82700ADBA23 /* LocalState.swift in Sources */,
				9E31B72D280619C100ADBA23 /* Decimal+Util.swift in Sources */,
				9E48312F2806D7C300FA6A39 /* UITextField+SecureToggle.swift in Sources */,
				9E31B6E328057E7B00ADBA23 /* AccountSummaryHeaderView.swift in Sources */,
				9E31B72F28061A0C00ADBA23 /* CurrencyFormatter.swift in Sources */,
				9E31B68D28025D3900ADBA23 /* DummyVC.swift in Sources */,
				9E48312D2806D61600FA6A39 /* NSNotificationName.swift in Sources */,
				9E23B67D27FFB9D0007EF586 /* LoginViewController.swift in Sources */,
				9E483132280790A800FA6A39 /* ShakeyBellView.swift in Sources */,
				9E31B6E928058D5800ADBA23 /* AccountSummaryCell.swift in Sources */,
				9E31B68B2801F59D00ADBA23 /* OnboardingViewController.swift in Sources */,
				9E31B69428042E2300ADBA23 /* MainViewController.swift in Sources */,
				9E31B6E12804F97700ADBA23 /* AccountSummaryViewController.swift in Sources */,
				9E23B67927FFB9D0007EF586 /* AppDelegate.swift in Sources */,
				9E31B6892801EEF200ADBA23 /* OnboardingContainerViewController.swift in Sources */,
				9E4831362808325700FA6A39 /* AccountSummaryViewController+Networking.swift in Sources */,
			);
			runOnlyForDeploymentPostprocessing = 0;
		};
		9E31B73028064B5300ADBA23 /* Sources */ = {
			isa = PBXSourcesBuildPhase;
			buildActionMask = 2147483647;
			files = (
				9E43F2A728064ECC008CD00C /* CurrencyFormatterTests.swift in Sources */,
			);
			runOnlyForDeploymentPostprocessing = 0;
		};
/* End PBXSourcesBuildPhase section */

/* Begin PBXTargetDependency section */
		9E31B73928064B5300ADBA23 /* PBXTargetDependency */ = {
			isa = PBXTargetDependency;
			target = 9E23B67427FFB9D0007EF586 /* Bankey */;
			targetProxy = 9E31B73828064B5300ADBA23 /* PBXContainerItemProxy */;
		};
/* End PBXTargetDependency section */

/* Begin PBXVariantGroup section */
		9E23B68327FFB9D1007EF586 /* LaunchScreen.storyboard */ = {
			isa = PBXVariantGroup;
			children = (
				9E23B68427FFB9D1007EF586 /* Base */,
			);
			name = LaunchScreen.storyboard;
			sourceTree = "<group>";
		};
/* End PBXVariantGroup section */

/* Begin XCBuildConfiguration section */
		9E23B68727FFB9D1007EF586 /* Debug */ = {
			isa = XCBuildConfiguration;
			buildSettings = {
				ALWAYS_SEARCH_USER_PATHS = NO;
				CLANG_ANALYZER_NONNULL = YES;
				CLANG_ANALYZER_NUMBER_OBJECT_CONVERSION = YES_AGGRESSIVE;
				CLANG_CXX_LANGUAGE_STANDARD = "gnu++17";
				CLANG_ENABLE_MODULES = YES;
				CLANG_ENABLE_OBJC_ARC = YES;
				CLANG_ENABLE_OBJC_WEAK = YES;
				CLANG_WARN_BLOCK_CAPTURE_AUTORELEASING = YES;
				CLANG_WARN_BOOL_CONVERSION = YES;
				CLANG_WARN_COMMA = YES;
				CLANG_WARN_CONSTANT_CONVERSION = YES;
				CLANG_WARN_DEPRECATED_OBJC_IMPLEMENTATIONS = YES;
				CLANG_WARN_DIRECT_OBJC_ISA_USAGE = YES_ERROR;
				CLANG_WARN_DOCUMENTATION_COMMENTS = YES;
				CLANG_WARN_EMPTY_BODY = YES;
				CLANG_WARN_ENUM_CONVERSION = YES;
				CLANG_WARN_INFINITE_RECURSION = YES;
				CLANG_WARN_INT_CONVERSION = YES;
				CLANG_WARN_NON_LITERAL_NULL_CONVERSION = YES;
				CLANG_WARN_OBJC_IMPLICIT_RETAIN_SELF = YES;
				CLANG_WARN_OBJC_LITERAL_CONVERSION = YES;
				CLANG_WARN_OBJC_ROOT_CLASS = YES_ERROR;
				CLANG_WARN_QUOTED_INCLUDE_IN_FRAMEWORK_HEADER = YES;
				CLANG_WARN_RANGE_LOOP_ANALYSIS = YES;
				CLANG_WARN_STRICT_PROTOTYPES = YES;
				CLANG_WARN_SUSPICIOUS_MOVE = YES;
				CLANG_WARN_UNGUARDED_AVAILABILITY = YES_AGGRESSIVE;
				CLANG_WARN_UNREACHABLE_CODE = YES;
				CLANG_WARN__DUPLICATE_METHOD_MATCH = YES;
				COPY_PHASE_STRIP = NO;
				DEBUG_INFORMATION_FORMAT = dwarf;
				ENABLE_STRICT_OBJC_MSGSEND = YES;
				ENABLE_TESTABILITY = YES;
				GCC_C_LANGUAGE_STANDARD = gnu11;
				GCC_DYNAMIC_NO_PIC = NO;
				GCC_NO_COMMON_BLOCKS = YES;
				GCC_OPTIMIZATION_LEVEL = 0;
				GCC_PREPROCESSOR_DEFINITIONS = (
					"DEBUG=1",
					"$(inherited)",
				);
				GCC_WARN_64_TO_32_BIT_CONVERSION = YES;
				GCC_WARN_ABOUT_RETURN_TYPE = YES_ERROR;
				GCC_WARN_UNDECLARED_SELECTOR = YES;
				GCC_WARN_UNINITIALIZED_AUTOS = YES_AGGRESSIVE;
				GCC_WARN_UNUSED_FUNCTION = YES;
				GCC_WARN_UNUSED_VARIABLE = YES;
				IPHONEOS_DEPLOYMENT_TARGET = 15.4;
				MTL_ENABLE_DEBUG_INFO = INCLUDE_SOURCE;
				MTL_FAST_MATH = YES;
				ONLY_ACTIVE_ARCH = YES;
				SDKROOT = iphoneos;
				SWIFT_ACTIVE_COMPILATION_CONDITIONS = DEBUG;
				SWIFT_OPTIMIZATION_LEVEL = "-Onone";
			};
			name = Debug;
		};
		9E23B68827FFB9D1007EF586 /* Release */ = {
			isa = XCBuildConfiguration;
			buildSettings = {
				ALWAYS_SEARCH_USER_PATHS = NO;
				CLANG_ANALYZER_NONNULL = YES;
				CLANG_ANALYZER_NUMBER_OBJECT_CONVERSION = YES_AGGRESSIVE;
				CLANG_CXX_LANGUAGE_STANDARD = "gnu++17";
				CLANG_ENABLE_MODULES = YES;
				CLANG_ENABLE_OBJC_ARC = YES;
				CLANG_ENABLE_OBJC_WEAK = YES;
				CLANG_WARN_BLOCK_CAPTURE_AUTORELEASING = YES;
				CLANG_WARN_BOOL_CONVERSION = YES;
				CLANG_WARN_COMMA = YES;
				CLANG_WARN_CONSTANT_CONVERSION = YES;
				CLANG_WARN_DEPRECATED_OBJC_IMPLEMENTATIONS = YES;
				CLANG_WARN_DIRECT_OBJC_ISA_USAGE = YES_ERROR;
				CLANG_WARN_DOCUMENTATION_COMMENTS = YES;
				CLANG_WARN_EMPTY_BODY = YES;
				CLANG_WARN_ENUM_CONVERSION = YES;
				CLANG_WARN_INFINITE_RECURSION = YES;
				CLANG_WARN_INT_CONVERSION = YES;
				CLANG_WARN_NON_LITERAL_NULL_CONVERSION = YES;
				CLANG_WARN_OBJC_IMPLICIT_RETAIN_SELF = YES;
				CLANG_WARN_OBJC_LITERAL_CONVERSION = YES;
				CLANG_WARN_OBJC_ROOT_CLASS = YES_ERROR;
				CLANG_WARN_QUOTED_INCLUDE_IN_FRAMEWORK_HEADER = YES;
				CLANG_WARN_RANGE_LOOP_ANALYSIS = YES;
				CLANG_WARN_STRICT_PROTOTYPES = YES;
				CLANG_WARN_SUSPICIOUS_MOVE = YES;
				CLANG_WARN_UNGUARDED_AVAILABILITY = YES_AGGRESSIVE;
				CLANG_WARN_UNREACHABLE_CODE = YES;
				CLANG_WARN__DUPLICATE_METHOD_MATCH = YES;
				COPY_PHASE_STRIP = NO;
				DEBUG_INFORMATION_FORMAT = "dwarf-with-dsym";
				ENABLE_NS_ASSERTIONS = NO;
				ENABLE_STRICT_OBJC_MSGSEND = YES;
				GCC_C_LANGUAGE_STANDARD = gnu11;
				GCC_NO_COMMON_BLOCKS = YES;
				GCC_WARN_64_TO_32_BIT_CONVERSION = YES;
				GCC_WARN_ABOUT_RETURN_TYPE = YES_ERROR;
				GCC_WARN_UNDECLARED_SELECTOR = YES;
				GCC_WARN_UNINITIALIZED_AUTOS = YES_AGGRESSIVE;
				GCC_WARN_UNUSED_FUNCTION = YES;
				GCC_WARN_UNUSED_VARIABLE = YES;
				IPHONEOS_DEPLOYMENT_TARGET = 15.4;
				MTL_ENABLE_DEBUG_INFO = NO;
				MTL_FAST_MATH = YES;
				SDKROOT = iphoneos;
				SWIFT_COMPILATION_MODE = wholemodule;
				SWIFT_OPTIMIZATION_LEVEL = "-O";
				VALIDATE_PRODUCT = YES;
			};
			name = Release;
		};
		9E23B68A27FFB9D1007EF586 /* Debug */ = {
			isa = XCBuildConfiguration;
			buildSettings = {
				ASSETCATALOG_COMPILER_APPICON_NAME = AppIcon;
				ASSETCATALOG_COMPILER_GLOBAL_ACCENT_COLOR_NAME = AccentColor;
				CODE_SIGN_STYLE = Automatic;
				CURRENT_PROJECT_VERSION = 1;
				DEVELOPMENT_TEAM = WW6MQ8PF85;
				GENERATE_INFOPLIST_FILE = YES;
				INFOPLIST_FILE = Bankey/Info.plist;
				INFOPLIST_KEY_UIApplicationSupportsIndirectInputEvents = YES;
				INFOPLIST_KEY_UILaunchStoryboardName = LaunchScreen;
				INFOPLIST_KEY_UISupportedInterfaceOrientations_iPad = "UIInterfaceOrientationPortrait UIInterfaceOrientationPortraitUpsideDown UIInterfaceOrientationLandscapeLeft UIInterfaceOrientationLandscapeRight";
				INFOPLIST_KEY_UISupportedInterfaceOrientations_iPhone = "UIInterfaceOrientationPortrait UIInterfaceOrientationLandscapeLeft UIInterfaceOrientationLandscapeRight";
				LD_RUNPATH_SEARCH_PATHS = (
					"$(inherited)",
					"@executable_path/Frameworks",
				);
				MARKETING_VERSION = 1.0;
				PRODUCT_BUNDLE_IDENTIFIER = com.christopherkoski.Bankey;
				PRODUCT_NAME = "$(TARGET_NAME)";
				SWIFT_EMIT_LOC_STRINGS = YES;
				SWIFT_VERSION = 5.0;
				TARGETED_DEVICE_FAMILY = "1,2";
			};
			name = Debug;
		};
		9E23B68B27FFB9D1007EF586 /* Release */ = {
			isa = XCBuildConfiguration;
			buildSettings = {
				ASSETCATALOG_COMPILER_APPICON_NAME = AppIcon;
				ASSETCATALOG_COMPILER_GLOBAL_ACCENT_COLOR_NAME = AccentColor;
				CODE_SIGN_STYLE = Automatic;
				CURRENT_PROJECT_VERSION = 1;
				DEVELOPMENT_TEAM = WW6MQ8PF85;
				GENERATE_INFOPLIST_FILE = YES;
				INFOPLIST_FILE = Bankey/Info.plist;
				INFOPLIST_KEY_UIApplicationSupportsIndirectInputEvents = YES;
				INFOPLIST_KEY_UILaunchStoryboardName = LaunchScreen;
				INFOPLIST_KEY_UISupportedInterfaceOrientations_iPad = "UIInterfaceOrientationPortrait UIInterfaceOrientationPortraitUpsideDown UIInterfaceOrientationLandscapeLeft UIInterfaceOrientationLandscapeRight";
				INFOPLIST_KEY_UISupportedInterfaceOrientations_iPhone = "UIInterfaceOrientationPortrait UIInterfaceOrientationLandscapeLeft UIInterfaceOrientationLandscapeRight";
				LD_RUNPATH_SEARCH_PATHS = (
					"$(inherited)",
					"@executable_path/Frameworks",
				);
				MARKETING_VERSION = 1.0;
				PRODUCT_BUNDLE_IDENTIFIER = com.christopherkoski.Bankey;
				PRODUCT_NAME = "$(TARGET_NAME)";
				SWIFT_EMIT_LOC_STRINGS = YES;
				SWIFT_VERSION = 5.0;
				TARGETED_DEVICE_FAMILY = "1,2";
			};
			name = Release;
		};
		9E31B73B28064B5300ADBA23 /* Debug */ = {
			isa = XCBuildConfiguration;
			buildSettings = {
				BUNDLE_LOADER = "$(TEST_HOST)";
				CLANG_ENABLE_MODULES = YES;
				CODE_SIGN_STYLE = Automatic;
				CURRENT_PROJECT_VERSION = 1;
				DEVELOPMENT_TEAM = WW6MQ8PF85;
				GENERATE_INFOPLIST_FILE = YES;
				LD_RUNPATH_SEARCH_PATHS = (
					"$(inherited)",
					"@executable_path/Frameworks",
					"@loader_path/Frameworks",
				);
				MARKETING_VERSION = 1.0;
				PRODUCT_BUNDLE_IDENTIFIER = com.christopherkoski.BankeyUnitTests;
				PRODUCT_NAME = "$(TARGET_NAME)";
				SWIFT_EMIT_LOC_STRINGS = NO;
				SWIFT_OPTIMIZATION_LEVEL = "-Onone";
				SWIFT_VERSION = 5.0;
				TARGETED_DEVICE_FAMILY = "1,2";
				TEST_HOST = "$(BUILT_PRODUCTS_DIR)/Bankey.app/Bankey";
			};
			name = Debug;
		};
		9E31B73C28064B5300ADBA23 /* Release */ = {
			isa = XCBuildConfiguration;
			buildSettings = {
				BUNDLE_LOADER = "$(TEST_HOST)";
				CLANG_ENABLE_MODULES = YES;
				CODE_SIGN_STYLE = Automatic;
				CURRENT_PROJECT_VERSION = 1;
				DEVELOPMENT_TEAM = WW6MQ8PF85;
				GENERATE_INFOPLIST_FILE = YES;
				LD_RUNPATH_SEARCH_PATHS = (
					"$(inherited)",
					"@executable_path/Frameworks",
					"@loader_path/Frameworks",
				);
				MARKETING_VERSION = 1.0;
				PRODUCT_BUNDLE_IDENTIFIER = com.christopherkoski.BankeyUnitTests;
				PRODUCT_NAME = "$(TARGET_NAME)";
				SWIFT_EMIT_LOC_STRINGS = NO;
				SWIFT_VERSION = 5.0;
				TARGETED_DEVICE_FAMILY = "1,2";
				TEST_HOST = "$(BUILT_PRODUCTS_DIR)/Bankey.app/Bankey";
			};
			name = Release;
		};
/* End XCBuildConfiguration section */

/* Begin XCConfigurationList section */
		9E23B67027FFB9D0007EF586 /* Build configuration list for PBXProject "Bankey" */ = {
			isa = XCConfigurationList;
			buildConfigurations = (
				9E23B68727FFB9D1007EF586 /* Debug */,
				9E23B68827FFB9D1007EF586 /* Release */,
			);
			defaultConfigurationIsVisible = 0;
			defaultConfigurationName = Release;
		};
		9E23B68927FFB9D1007EF586 /* Build configuration list for PBXNativeTarget "Bankey" */ = {
			isa = XCConfigurationList;
			buildConfigurations = (
				9E23B68A27FFB9D1007EF586 /* Debug */,
				9E23B68B27FFB9D1007EF586 /* Release */,
			);
			defaultConfigurationIsVisible = 0;
			defaultConfigurationName = Release;
		};
		9E31B73A28064B5300ADBA23 /* Build configuration list for PBXNativeTarget "BankeyUnitTests" */ = {
			isa = XCConfigurationList;
			buildConfigurations = (
				9E31B73B28064B5300ADBA23 /* Debug */,
				9E31B73C28064B5300ADBA23 /* Release */,
			);
			defaultConfigurationIsVisible = 0;
			defaultConfigurationName = Release;
		};
/* End XCConfigurationList section */
	};
	rootObject = 9E23B66D27FFB9D0007EF586 /* Project object */;
}
